
Microsoft Visual Studio Solution File, Format Version 12.00
# Visual Studio Version 17
VisualStudioVersion = 17.2.32630.192
MinimumVisualStudioVersion = 10.0.40219.1
Project("{F184B08F-C81C-45F6-A57F-5ABD9991F28F}") = "Moonbucks Coffee", "Moonbucks Coffee\Moonbucks Coffee.vbproj", "{FC962782-4636-4162-9AFF-85055C69410D}"
EndProject
Global
	GlobalSection(SolutionConfigurationPlatforms) = preSolution
		Debug|Any CPU = Debug|Any CPU
		Release|Any CPU = Release|Any CPU
	EndGlobalSection
	GlobalSection(ProjectConfigurationPlatforms) = postSolution
		{FC962782-4636-4162-9AFF-85055C69410D}.Debug|Any CPU.ActiveCfg = Debug|Any CPU
		{FC962782-4636-4162-9AFF-85055C69410D}.Debug|Any CPU.Build.0 = Debug|Any CPU
		{FC962782-4636-4162-9AFF-85055C69410D}.Release|Any CPU.ActiveCfg = Release|Any CPU
		{FC962782-4636-4162-9AFF-85055C69410D}.Release|Any CPU.Build.0 = Release|Any CPU
	EndGlobalSection
	GlobalSection(SolutionProperties) = preSolution
		HideSolutionNode = FALSE
	EndGlobalSection
	GlobalSection(ExtensibilityGlobals) = postSolution
		SolutionGuid = {FF85C081-3291-42B3-95CB-417209620775}
	EndGlobalSection
EndGlobal
