
Microsoft Visual Studio Solution File, Format Version 12.00
# Visual Studio Version 17
VisualStudioVersion = 17.2.32630.192
MinimumVisualStudioVersion = 10.0.40219.1
Project("{F184B08F-C81C-45F6-A57F-5ABD9991F28F}") = "Tic Tac Toe", "Tic Tac Toe\Tic Tac Toe.vbproj", "{2D4568B5-5041-4690-B7E3-8099FBC48B54}"
EndProject
Global
	GlobalSection(SolutionConfigurationPlatforms) = preSolution
		Debug|Any CPU = Debug|Any CPU
		Release|Any CPU = Release|Any CPU
	EndGlobalSection
	GlobalSection(ProjectConfigurationPlatforms) = postSolution
		{2D4568B5-5041-4690-B7E3-8099FBC48B54}.Debug|Any CPU.ActiveCfg = Debug|Any CPU
		{2D4568B5-5041-4690-B7E3-8099FBC48B54}.Debug|Any CPU.Build.0 = Debug|Any CPU
		{2D4568B5-5041-4690-B7E3-8099FBC48B54}.Release|Any CPU.ActiveCfg = Release|Any CPU
		{2D4568B5-5041-4690-B7E3-8099FBC48B54}.Release|Any CPU.Build.0 = Release|Any CPU
	EndGlobalSection
	GlobalSection(SolutionProperties) = preSolution
		HideSolutionNode = FALSE
	EndGlobalSection
	GlobalSection(ExtensibilityGlobals) = postSolution
		SolutionGuid = {BAEFED2D-2EA0-4C65-BD5F-3F8D11F05350}
	EndGlobalSection
EndGlobal
